// !$*UTF8*$!
{
	archiveVersion = 1;
	classes = {
	};
	objectVersion = 77;
	objects = {

/* Begin PBXContainerItemProxy section */
		29F32B672D2B2BBA00AEFBC0 /* PBXContainerItemProxy */ = {
			isa = PBXContainerItemProxy;
			containerPortal = 29F32B4C2D2B2BB900AEFBC0 /* Project object */;
			proxyType = 1;
			remoteGlobalIDString = 29F32B532D2B2BB900AEFBC0;
			remoteInfo = Gastify;
		};
		29F32B712D2B2BBA00AEFBC0 /* PBXContainerItemProxy */ = {
			isa = PBXContainerItemProxy;
			containerPortal = 29F32B4C2D2B2BB900AEFBC0 /* Project object */;
			proxyType = 1;
			remoteGlobalIDString = 29F32B532D2B2BB900AEFBC0;
			remoteInfo = Gastify;
		};
/* End PBXContainerItemProxy section */

/* Begin PBXCopyFilesBuildPhase section */
		29AF11F42D596FBE00EE9C40 /* Embed Frameworks */ = {
			isa = PBXCopyFilesBuildPhase;
			buildActionMask = 2147483647;
			dstPath = "";
			dstSubfolderSpec = 10;
			files = (
			);
			name = "Embed Frameworks";
			runOnlyForDeploymentPostprocessing = 0;
		};
/* End PBXCopyFilesBuildPhase section */

/* Begin PBXFileReference section */
		294040F12D6E1F9A00D9B168 /* GastifyUI.xctestplan */ = {isa = PBXFileReference; lastKnownFileType = text; path = GastifyUI.xctestplan; sourceTree = "<group>"; };
		29AF10BE2D591C9A00EE9C40 /* Gastify Beta.app */ = {isa = PBXFileReference; explicitFileType = wrapper.application; includeInIndex = 0; path = "Gastify Beta.app"; sourceTree = BUILT_PRODUCTS_DIR; };
		29AF11F52D59701C00EE9C40 /* Gastify.xctestplan */ = {isa = PBXFileReference; lastKnownFileType = text; path = Gastify.xctestplan; sourceTree = "<group>"; };
		29F32B542D2B2BB900AEFBC0 /* Gastify.app */ = {isa = PBXFileReference; explicitFileType = wrapper.application; includeInIndex = 0; path = Gastify.app; sourceTree = BUILT_PRODUCTS_DIR; };
		29F32B662D2B2BBA00AEFBC0 /* GastifyTests.xctest */ = {isa = PBXFileReference; explicitFileType = wrapper.cfbundle; includeInIndex = 0; path = GastifyTests.xctest; sourceTree = BUILT_PRODUCTS_DIR; };
		29F32B702D2B2BBA00AEFBC0 /* GastifyUITests.xctest */ = {isa = PBXFileReference; explicitFileType = wrapper.cfbundle; includeInIndex = 0; path = GastifyUITests.xctest; sourceTree = BUILT_PRODUCTS_DIR; };
/* End PBXFileReference section */

/* Begin PBXFileSystemSynchronizedBuildFileExceptionSet section */
		29AF10BF2D591C9A00EE9C40 /* Exceptions for "Gastify" folder in "Gastify Beta" target */ = {
			isa = PBXFileSystemSynchronizedBuildFileExceptionSet;
			membershipExceptions = (
				Info.plist,
				"Preview Content/Preview Assets.xcassets",
			);
			target = 29AF10B42D591C9A00EE9C40 /* Gastify Beta */;
		};
		29F32BD82D2B2EA200AEFBC0 /* Exceptions for "Gastify" folder in "Gastify" target */ = {
			isa = PBXFileSystemSynchronizedBuildFileExceptionSet;
			membershipExceptions = (
				"Gastify beta-Info.plist",
				Info.plist,
			);
			target = 29F32B532D2B2BB900AEFBC0 /* Gastify */;
		};
/* End PBXFileSystemSynchronizedBuildFileExceptionSet section */

/* Begin PBXFileSystemSynchronizedRootGroup section */
		29F32B692D2B2BBA00AEFBC0 /* GastifyTests */ = {
			isa = PBXFileSystemSynchronizedRootGroup;
			path = GastifyTests;
			sourceTree = "<group>";
		};
		29F32B732D2B2BBA00AEFBC0 /* GastifyUITests */ = {
			isa = PBXFileSystemSynchronizedRootGroup;
			path = GastifyUITests;
			sourceTree = "<group>";
		};
		29F32B972D2B2CA300AEFBC0 /* Gastify */ = {
			isa = PBXFileSystemSynchronizedRootGroup;
			exceptions = (
				29F32BD82D2B2EA200AEFBC0 /* Exceptions for "Gastify" folder in "Gastify" target */,
				29AF10BF2D591C9A00EE9C40 /* Exceptions for "Gastify" folder in "Gastify Beta" target */,
			);
			path = Gastify;
			sourceTree = "<group>";
		};
/* End PBXFileSystemSynchronizedRootGroup section */

/* Begin PBXFrameworksBuildPhase section */
		29AF10B82D591C9A00EE9C40 /* Frameworks */ = {
			isa = PBXFrameworksBuildPhase;
			buildActionMask = 2147483647;
			files = (
			);
			runOnlyForDeploymentPostprocessing = 0;
		};
		29F32B512D2B2BB900AEFBC0 /* Frameworks */ = {
			isa = PBXFrameworksBuildPhase;
			buildActionMask = 2147483647;
			files = (
			);
			runOnlyForDeploymentPostprocessing = 0;
		};
		29F32B632D2B2BBA00AEFBC0 /* Frameworks */ = {
			isa = PBXFrameworksBuildPhase;
			buildActionMask = 2147483647;
			files = (
			);
			runOnlyForDeploymentPostprocessing = 0;
		};
		29F32B6D2D2B2BBA00AEFBC0 /* Frameworks */ = {
			isa = PBXFrameworksBuildPhase;
			buildActionMask = 2147483647;
			files = (
			);
			runOnlyForDeploymentPostprocessing = 0;
		};
/* End PBXFrameworksBuildPhase section */

/* Begin PBXGroup section */
		29F32B4B2D2B2BB900AEFBC0 = {
			isa = PBXGroup;
			children = (
				29AF11F52D59701C00EE9C40 /* Gastify.xctestplan */,
				294040F12D6E1F9A00D9B168 /* GastifyUI.xctestplan */,
				29F32B972D2B2CA300AEFBC0 /* Gastify */,
				29F32B692D2B2BBA00AEFBC0 /* GastifyTests */,
				29F32B732D2B2BBA00AEFBC0 /* GastifyUITests */,
				29F32B552D2B2BB900AEFBC0 /* Products */,
			);
			sourceTree = "<group>";
		};
		29F32B552D2B2BB900AEFBC0 /* Products */ = {
			isa = PBXGroup;
			children = (
				29F32B542D2B2BB900AEFBC0 /* Gastify.app */,
				29F32B662D2B2BBA00AEFBC0 /* GastifyTests.xctest */,
				29F32B702D2B2BBA00AEFBC0 /* GastifyUITests.xctest */,
				29AF10BE2D591C9A00EE9C40 /* Gastify Beta.app */,
			);
			name = Products;
			sourceTree = "<group>";
		};
/* End PBXGroup section */

/* Begin PBXNativeTarget section */
		29AF10B42D591C9A00EE9C40 /* Gastify Beta */ = {
			isa = PBXNativeTarget;
			buildConfigurationList = 29AF10BB2D591C9A00EE9C40 /* Build configuration list for PBXNativeTarget "Gastify Beta" */;
			buildPhases = (
				29AF10B72D591C9A00EE9C40 /* Sources */,
				29AF10B82D591C9A00EE9C40 /* Frameworks */,
				29AF10BA2D591C9A00EE9C40 /* Resources */,
			);
			buildRules = (
			);
			dependencies = (
			);
			fileSystemSynchronizedGroups = (
				29F32B972D2B2CA300AEFBC0 /* Gastify */,
			);
			name = "Gastify Beta";
			packageProductDependencies = (
			);
			productName = Gastify;
			productReference = 29AF10BE2D591C9A00EE9C40 /* Gastify Beta.app */;
			productType = "com.apple.product-type.application";
		};
		29F32B532D2B2BB900AEFBC0 /* Gastify */ = {
			isa = PBXNativeTarget;
			buildConfigurationList = 29F32B7A2D2B2BBA00AEFBC0 /* Build configuration list for PBXNativeTarget "Gastify" */;
			buildPhases = (
				29F32B502D2B2BB900AEFBC0 /* Sources */,
				29F32B512D2B2BB900AEFBC0 /* Frameworks */,
				29F32B522D2B2BB900AEFBC0 /* Resources */,
				29AF11F42D596FBE00EE9C40 /* Embed Frameworks */,
			);
			buildRules = (
			);
			dependencies = (
			);
			fileSystemSynchronizedGroups = (
				29F32B972D2B2CA300AEFBC0 /* Gastify */,
			);
			name = Gastify;
			packageProductDependencies = (
			);
			productName = Gastify;
			productReference = 29F32B542D2B2BB900AEFBC0 /* Gastify.app */;
			productType = "com.apple.product-type.application";
		};
		29F32B652D2B2BBA00AEFBC0 /* GastifyTests */ = {
			isa = PBXNativeTarget;
			buildConfigurationList = 29F32B7D2D2B2BBA00AEFBC0 /* Build configuration list for PBXNativeTarget "GastifyTests" */;
			buildPhases = (
				29F32B622D2B2BBA00AEFBC0 /* Sources */,
				29F32B632D2B2BBA00AEFBC0 /* Frameworks */,
				29F32B642D2B2BBA00AEFBC0 /* Resources */,
			);
			buildRules = (
			);
			dependencies = (
				29F32B682D2B2BBA00AEFBC0 /* PBXTargetDependency */,
			);
			fileSystemSynchronizedGroups = (
				29F32B692D2B2BBA00AEFBC0 /* GastifyTests */,
			);
			name = GastifyTests;
			packageProductDependencies = (
			);
			productName = GastifyTests;
			productReference = 29F32B662D2B2BBA00AEFBC0 /* GastifyTests.xctest */;
			productType = "com.apple.product-type.bundle.unit-test";
		};
		29F32B6F2D2B2BBA00AEFBC0 /* GastifyUITests */ = {
			isa = PBXNativeTarget;
			buildConfigurationList = 29F32B802D2B2BBA00AEFBC0 /* Build configuration list for PBXNativeTarget "GastifyUITests" */;
			buildPhases = (
				29F32B6C2D2B2BBA00AEFBC0 /* Sources */,
				29F32B6D2D2B2BBA00AEFBC0 /* Frameworks */,
				29F32B6E2D2B2BBA00AEFBC0 /* Resources */,
			);
			buildRules = (
			);
			dependencies = (
				29F32B722D2B2BBA00AEFBC0 /* PBXTargetDependency */,
			);
			fileSystemSynchronizedGroups = (
				29F32B732D2B2BBA00AEFBC0 /* GastifyUITests */,
			);
			name = GastifyUITests;
			packageProductDependencies = (
			);
			productName = GastifyUITests;
			productReference = 29F32B702D2B2BBA00AEFBC0 /* GastifyUITests.xctest */;
			productType = "com.apple.product-type.bundle.ui-testing";
		};
/* End PBXNativeTarget section */

/* Begin PBXProject section */
		29F32B4C2D2B2BB900AEFBC0 /* Project object */ = {
			isa = PBXProject;
			attributes = {
				BuildIndependentTargetsInParallel = 1;
				LastSwiftUpdateCheck = 1600;
				LastUpgradeCheck = 1600;
				TargetAttributes = {
					29F32B532D2B2BB900AEFBC0 = {
						CreatedOnToolsVersion = 16.0;
					};
					29F32B652D2B2BBA00AEFBC0 = {
						CreatedOnToolsVersion = 16.0;
						TestTargetID = 29F32B532D2B2BB900AEFBC0;
					};
					29F32B6F2D2B2BBA00AEFBC0 = {
						CreatedOnToolsVersion = 16.0;
						TestTargetID = 29F32B532D2B2BB900AEFBC0;
					};
				};
			};
			buildConfigurationList = 29F32B4F2D2B2BB900AEFBC0 /* Build configuration list for PBXProject "Gastify" */;
			developmentRegion = en;
			hasScannedForEncodings = 0;
			knownRegions = (
				en,
				Base,
			);
			mainGroup = 29F32B4B2D2B2BB900AEFBC0;
			minimizedProjectReferenceProxies = 1;
			packageReferences = (
			);
			preferredProjectObjectVersion = 77;
			productRefGroup = 29F32B552D2B2BB900AEFBC0 /* Products */;
			projectDirPath = "";
			projectRoot = "";
			targets = (
				29F32B532D2B2BB900AEFBC0 /* Gastify */,
				29AF10B42D591C9A00EE9C40 /* Gastify Beta */,
				29F32B652D2B2BBA00AEFBC0 /* GastifyTests */,
				29F32B6F2D2B2BBA00AEFBC0 /* GastifyUITests */,
			);
		};
/* End PBXProject section */

/* Begin PBXResourcesBuildPhase section */
		29AF10BA2D591C9A00EE9C40 /* Resources */ = {
			isa = PBXResourcesBuildPhase;
			buildActionMask = 2147483647;
			files = (
			);
			runOnlyForDeploymentPostprocessing = 0;
		};
		29F32B522D2B2BB900AEFBC0 /* Resources */ = {
			isa = PBXResourcesBuildPhase;
			buildActionMask = 2147483647;
			files = (
			);
			runOnlyForDeploymentPostprocessing = 0;
		};
		29F32B642D2B2BBA00AEFBC0 /* Resources */ = {
			isa = PBXResourcesBuildPhase;
			buildActionMask = 2147483647;
			files = (
			);
			runOnlyForDeploymentPostprocessing = 0;
		};
		29F32B6E2D2B2BBA00AEFBC0 /* Resources */ = {
			isa = PBXResourcesBuildPhase;
			buildActionMask = 2147483647;
			files = (
			);
			runOnlyForDeploymentPostprocessing = 0;
		};
/* End PBXResourcesBuildPhase section */

/* Begin PBXSourcesBuildPhase section */
		29AF10B72D591C9A00EE9C40 /* Sources */ = {
			isa = PBXSourcesBuildPhase;
			buildActionMask = 2147483647;
			files = (
			);
			runOnlyForDeploymentPostprocessing = 0;
		};
		29F32B502D2B2BB900AEFBC0 /* Sources */ = {
			isa = PBXSourcesBuildPhase;
			buildActionMask = 2147483647;
			files = (
			);
			runOnlyForDeploymentPostprocessing = 0;
		};
		29F32B622D2B2BBA00AEFBC0 /* Sources */ = {
			isa = PBXSourcesBuildPhase;
			buildActionMask = 2147483647;
			files = (
			);
			runOnlyForDeploymentPostprocessing = 0;
		};
		29F32B6C2D2B2BBA00AEFBC0 /* Sources */ = {
			isa = PBXSourcesBuildPhase;
			buildActionMask = 2147483647;
			files = (
			);
			runOnlyForDeploymentPostprocessing = 0;
		};
/* End PBXSourcesBuildPhase section */

/* Begin PBXTargetDependency section */
		29F32B682D2B2BBA00AEFBC0 /* PBXTargetDependency */ = {
			isa = PBXTargetDependency;
			target = 29F32B532D2B2BB900AEFBC0 /* Gastify */;
			targetProxy = 29F32B672D2B2BBA00AEFBC0 /* PBXContainerItemProxy */;
		};
		29F32B722D2B2BBA00AEFBC0 /* PBXTargetDependency */ = {
			isa = PBXTargetDependency;
			target = 29F32B532D2B2BB900AEFBC0 /* Gastify */;
			targetProxy = 29F32B712D2B2BBA00AEFBC0 /* PBXContainerItemProxy */;
		};
/* End PBXTargetDependency section */

/* Begin XCBuildConfiguration section */
		29AF10BC2D591C9A00EE9C40 /* Debug */ = {
			isa = XCBuildConfiguration;
			buildSettings = {
				ASSETCATALOG_COMPILER_APPICON_NAME = "AppIcon-Beta";
				ASSETCATALOG_COMPILER_GLOBAL_ACCENT_COLOR_NAME = AccentColor;
				CODE_SIGN_STYLE = Automatic;
				CURRENT_PROJECT_VERSION = 1;
				DEVELOPMENT_ASSET_PATHS = "\"Gastify/Preview Content\"";
				DEVELOPMENT_TEAM = ZD35H7K52T;
				ENABLE_PREVIEWS = YES;
				GENERATE_INFOPLIST_FILE = YES;
				INFOPLIST_FILE = "Gastify beta-Info.plist";
				INFOPLIST_KEY_CFBundleDisplayName = "Gastify Beta";
				INFOPLIST_KEY_UIApplicationSceneManifest_Generation = YES;
				INFOPLIST_KEY_UIApplicationSupportsIndirectInputEvents = YES;
				INFOPLIST_KEY_UILaunchScreen_Generation = YES;
				INFOPLIST_KEY_UISupportedInterfaceOrientations_iPad = "UIInterfaceOrientationPortrait UIInterfaceOrientationPortraitUpsideDown UIInterfaceOrientationLandscapeLeft UIInterfaceOrientationLandscapeRight";
				INFOPLIST_KEY_UISupportedInterfaceOrientations_iPhone = "UIInterfaceOrientationPortrait UIInterfaceOrientationLandscapeLeft UIInterfaceOrientationLandscapeRight";
				LD_RUNPATH_SEARCH_PATHS = (
					"$(inherited)",
					"@executable_path/Frameworks",
				);
				MARKETING_VERSION = 1.0;
				PRODUCT_BUNDLE_IDENTIFIER = com.platzi.GastifyByPlatziBeta;
				PRODUCT_NAME = "$(TARGET_NAME)";
				SWIFT_EMIT_LOC_STRINGS = YES;
				SWIFT_VERSION = 5.0;
				TARGETED_DEVICE_FAMILY = "1,2";
			};
			name = Debug;
		};
		29AF10BD2D591C9A00EE9C40 /* Release */ = {
			isa = XCBuildConfiguration;
			buildSettings = {
				ASSETCATALOG_COMPILER_APPICON_NAME = "AppIcon-Beta";
				ASSETCATALOG_COMPILER_GLOBAL_ACCENT_COLOR_NAME = AccentColor;
				CODE_SIGN_STYLE = Automatic;
				CURRENT_PROJECT_VERSION = 1;
				DEVELOPMENT_ASSET_PATHS = "\"Gastify/Preview Content\"";
				DEVELOPMENT_TEAM = ZD35H7K52T;
				ENABLE_PREVIEWS = YES;
				GENERATE_INFOPLIST_FILE = YES;
				INFOPLIST_FILE = "Gastify beta-Info.plist";
				INFOPLIST_KEY_CFBundleDisplayName = "Gastify Beta";
				INFOPLIST_KEY_UIApplicationSceneManifest_Generation = YES;
				INFOPLIST_KEY_UIApplicationSupportsIndirectInputEvents = YES;
				INFOPLIST_KEY_UILaunchScreen_Generation = YES;
				INFOPLIST_KEY_UISupportedInterfaceOrientations_iPad = "UIInterfaceOrientationPortrait UIInterfaceOrientationPortraitUpsideDown UIInterfaceOrientationLandscapeLeft UIInterfaceOrientationLandscapeRight";
				INFOPLIST_KEY_UISupportedInterfaceOrientations_iPhone = "UIInterfaceOrientationPortrait UIInterfaceOrientationLandscapeLeft UIInterfaceOrientationLandscapeRight";
				LD_RUNPATH_SEARCH_PATHS = (
					"$(inherited)",
					"@executable_path/Frameworks",
				);
				MARKETING_VERSION = 1.0;
				PRODUCT_BUNDLE_IDENTIFIER = com.platzi.GastifyByPlatziBeta;
				PRODUCT_NAME = "$(TARGET_NAME)";
				SWIFT_EMIT_LOC_STRINGS = YES;
				SWIFT_VERSION = 5.0;
				TARGETED_DEVICE_FAMILY = "1,2";
			};
			name = Release;
		};
		29F32B782D2B2BBA00AEFBC0 /* Debug */ = {
			isa = XCBuildConfiguration;
			buildSettings = {
				ALWAYS_SEARCH_USER_PATHS = NO;
				ASSETCATALOG_COMPILER_GENERATE_SWIFT_ASSET_SYMBOL_EXTENSIONS = YES;
				CLANG_ANALYZER_NONNULL = YES;
				CLANG_ANALYZER_NUMBER_OBJECT_CONVERSION = YES_AGGRESSIVE;
				CLANG_CXX_LANGUAGE_STANDARD = "gnu++20";
				CLANG_ENABLE_MODULES = YES;
				CLANG_ENABLE_OBJC_ARC = YES;
				CLANG_ENABLE_OBJC_WEAK = YES;
				CLANG_WARN_BLOCK_CAPTURE_AUTORELEASING = YES;
				CLANG_WARN_BOOL_CONVERSION = YES;
				CLANG_WARN_COMMA = YES;
				CLANG_WARN_CONSTANT_CONVERSION = YES;
				CLANG_WARN_DEPRECATED_OBJC_IMPLEMENTATIONS = YES;
				CLANG_WARN_DIRECT_OBJC_ISA_USAGE = YES_ERROR;
				CLANG_WARN_DOCUMENTATION_COMMENTS = YES;
				CLANG_WARN_EMPTY_BODY = YES;
				CLANG_WARN_ENUM_CONVERSION = YES;
				CLANG_WARN_INFINITE_RECURSION = YES;
				CLANG_WARN_INT_CONVERSION = YES;
				CLANG_WARN_NON_LITERAL_NULL_CONVERSION = YES;
				CLANG_WARN_OBJC_IMPLICIT_RETAIN_SELF = YES;
				CLANG_WARN_OBJC_LITERAL_CONVERSION = YES;
				CLANG_WARN_OBJC_ROOT_CLASS = YES_ERROR;
				CLANG_WARN_QUOTED_INCLUDE_IN_FRAMEWORK_HEADER = YES;
				CLANG_WARN_RANGE_LOOP_ANALYSIS = YES;
				CLANG_WARN_STRICT_PROTOTYPES = YES;
				CLANG_WARN_SUSPICIOUS_MOVE = YES;
				CLANG_WARN_UNGUARDED_AVAILABILITY = YES_AGGRESSIVE;
				CLANG_WARN_UNREACHABLE_CODE = YES;
				CLANG_WARN__DUPLICATE_METHOD_MATCH = YES;
				COPY_PHASE_STRIP = NO;
				DEBUG_INFORMATION_FORMAT = dwarf;
				ENABLE_STRICT_OBJC_MSGSEND = YES;
				ENABLE_TESTABILITY = YES;
				ENABLE_USER_SCRIPT_SANDBOXING = YES;
				GCC_C_LANGUAGE_STANDARD = gnu17;
				GCC_DYNAMIC_NO_PIC = NO;
				GCC_NO_COMMON_BLOCKS = YES;
				GCC_OPTIMIZATION_LEVEL = 0;
				GCC_PREPROCESSOR_DEFINITIONS = (
					"DEBUG=1",
					"$(inherited)",
				);
				GCC_WARN_64_TO_32_BIT_CONVERSION = YES;
				GCC_WARN_ABOUT_RETURN_TYPE = YES_ERROR;
				GCC_WARN_UNDECLARED_SELECTOR = YES;
				GCC_WARN_UNINITIALIZED_AUTOS = YES_AGGRESSIVE;
				GCC_WARN_UNUSED_FUNCTION = YES;
				GCC_WARN_UNUSED_VARIABLE = YES;
				IPHONEOS_DEPLOYMENT_TARGET = 18.0;
				LOCALIZATION_PREFERS_STRING_CATALOGS = YES;
				MTL_ENABLE_DEBUG_INFO = INCLUDE_SOURCE;
				MTL_FAST_MATH = YES;
				ONLY_ACTIVE_ARCH = YES;
				SDKROOT = iphoneos;
				SWIFT_ACTIVE_COMPILATION_CONDITIONS = "DEBUG $(inherited)";
				SWIFT_OPTIMIZATION_LEVEL = "-Onone";
			};
			name = Debug;
		};
		29F32B792D2B2BBA00AEFBC0 /* Release */ = {
			isa = XCBuildConfiguration;
			buildSettings = {
				ALWAYS_SEARCH_USER_PATHS = NO;
				ASSETCATALOG_COMPILER_GENERATE_SWIFT_ASSET_SYMBOL_EXTENSIONS = YES;
				CLANG_ANALYZER_NONNULL = YES;
				CLANG_ANALYZER_NUMBER_OBJECT_CONVERSION = YES_AGGRESSIVE;
				CLANG_CXX_LANGUAGE_STANDARD = "gnu++20";
				CLANG_ENABLE_MODULES = YES;
				CLANG_ENABLE_OBJC_ARC = YES;
				CLANG_ENABLE_OBJC_WEAK = YES;
				CLANG_WARN_BLOCK_CAPTURE_AUTORELEASING = YES;
				CLANG_WARN_BOOL_CONVERSION = YES;
				CLANG_WARN_COMMA = YES;
				CLANG_WARN_CONSTANT_CONVERSION = YES;
				CLANG_WARN_DEPRECATED_OBJC_IMPLEMENTATIONS = YES;
				CLANG_WARN_DIRECT_OBJC_ISA_USAGE = YES_ERROR;
				CLANG_WARN_DOCUMENTATION_COMMENTS = YES;
				CLANG_WARN_EMPTY_BODY = YES;
				CLANG_WARN_ENUM_CONVERSION = YES;
				CLANG_WARN_INFINITE_RECURSION = YES;
				CLANG_WARN_INT_CONVERSION = YES;
				CLANG_WARN_NON_LITERAL_NULL_CONVERSION = YES;
				CLANG_WARN_OBJC_IMPLICIT_RETAIN_SELF = YES;
				CLANG_WARN_OBJC_LITERAL_CONVERSION = YES;
				CLANG_WARN_OBJC_ROOT_CLASS = YES_ERROR;
				CLANG_WARN_QUOTED_INCLUDE_IN_FRAMEWORK_HEADER = YES;
				CLANG_WARN_RANGE_LOOP_ANALYSIS = YES;
				CLANG_WARN_STRICT_PROTOTYPES = YES;
				CLANG_WARN_SUSPICIOUS_MOVE = YES;
				CLANG_WARN_UNGUARDED_AVAILABILITY = YES_AGGRESSIVE;
				CLANG_WARN_UNREACHABLE_CODE = YES;
				CLANG_WARN__DUPLICATE_METHOD_MATCH = YES;
				COPY_PHASE_STRIP = NO;
				DEBUG_INFORMATION_FORMAT = "dwarf-with-dsym";
				ENABLE_NS_ASSERTIONS = NO;
				ENABLE_STRICT_OBJC_MSGSEND = YES;
				ENABLE_USER_SCRIPT_SANDBOXING = YES;
				GCC_C_LANGUAGE_STANDARD = gnu17;
				GCC_NO_COMMON_BLOCKS = YES;
				GCC_WARN_64_TO_32_BIT_CONVERSION = YES;
				GCC_WARN_ABOUT_RETURN_TYPE = YES_ERROR;
				GCC_WARN_UNDECLARED_SELECTOR = YES;
				GCC_WARN_UNINITIALIZED_AUTOS = YES_AGGRESSIVE;
				GCC_WARN_UNUSED_FUNCTION = YES;
				GCC_WARN_UNUSED_VARIABLE = YES;
				IPHONEOS_DEPLOYMENT_TARGET = 18.0;
				LOCALIZATION_PREFERS_STRING_CATALOGS = YES;
				MTL_ENABLE_DEBUG_INFO = NO;
				MTL_FAST_MATH = YES;
				SDKROOT = iphoneos;
				SWIFT_COMPILATION_MODE = wholemodule;
				VALIDATE_PRODUCT = YES;
			};
			name = Release;
		};
		29F32B7B2D2B2BBA00AEFBC0 /* Debug */ = {
			isa = XCBuildConfiguration;
			buildSettings = {
				ASSETCATALOG_COMPILER_APPICON_NAME = AppIcon;
				ASSETCATALOG_COMPILER_GLOBAL_ACCENT_COLOR_NAME = AccentColor;
				CODE_SIGN_ENTITLEMENTS = Gastify/Gastify.entitlements;
				CODE_SIGN_STYLE = Automatic;
				CURRENT_PROJECT_VERSION = 1;
				DEVELOPMENT_ASSET_PATHS = "\"Gastify/Preview Content\"";
				DEVELOPMENT_TEAM = ZD35H7K52T;
				ENABLE_PREVIEWS = YES;
				GENERATE_INFOPLIST_FILE = YES;
				INFOPLIST_FILE = Gastify/Info.plist;
				INFOPLIST_KEY_CFBundleDisplayName = "Gastify by Platzi";
				INFOPLIST_KEY_UIApplicationSceneManifest_Generation = YES;
				INFOPLIST_KEY_UIApplicationSupportsIndirectInputEvents = YES;
				INFOPLIST_KEY_UILaunchScreen_Generation = YES;
				INFOPLIST_KEY_UISupportedInterfaceOrientations_iPad = "UIInterfaceOrientationPortrait UIInterfaceOrientationPortraitUpsideDown UIInterfaceOrientationLandscapeLeft UIInterfaceOrientationLandscapeRight";
				INFOPLIST_KEY_UISupportedInterfaceOrientations_iPhone = "UIInterfaceOrientationPortrait UIInterfaceOrientationLandscapeLeft UIInterfaceOrientationLandscapeRight";
				LD_RUNPATH_SEARCH_PATHS = (
					"$(inherited)",
					"@executable_path/Frameworks",
				);
				MARKETING_VERSION = 1.0;
				PRODUCT_BUNDLE_IDENTIFIER = com.platzi.GastifyByPlatzi;
				PRODUCT_NAME = "$(TARGET_NAME)";
				SWIFT_EMIT_LOC_STRINGS = YES;
				SWIFT_VERSION = 5.0;
				TARGETED_DEVICE_FAMILY = "1,2";
			};
			name = Debug;
		};
		29F32B7C2D2B2BBA00AEFBC0 /* Release */ = {
			isa = XCBuildConfiguration;
			buildSettings = {
				ASSETCATALOG_COMPILER_APPICON_NAME = AppIcon;
				ASSETCATALOG_COMPILER_GLOBAL_ACCENT_COLOR_NAME = AccentColor;
				CODE_SIGN_ENTITLEMENTS = Gastify/Gastify.entitlements;
				CODE_SIGN_STYLE = Automatic;
				CURRENT_PROJECT_VERSION = 1;
				DEVELOPMENT_ASSET_PATHS = "\"Gastify/Preview Content\"";
				DEVELOPMENT_TEAM = ZD35H7K52T;
				ENABLE_PREVIEWS = YES;
				GENERATE_INFOPLIST_FILE = YES;
				INFOPLIST_FILE = Gastify/Info.plist;
				INFOPLIST_KEY_CFBundleDisplayName = "Gastify by Platzi";
				INFOPLIST_KEY_UIApplicationSceneManifest_Generation = YES;
				INFOPLIST_KEY_UIApplicationSupportsIndirectInputEvents = YES;
				INFOPLIST_KEY_UILaunchScreen_Generation = YES;
				INFOPLIST_KEY_UISupportedInterfaceOrientations_iPad = "UIInterfaceOrientationPortrait UIInterfaceOrientationPortraitUpsideDown UIInterfaceOrientationLandscapeLeft UIInterfaceOrientationLandscapeRight";
				INFOPLIST_KEY_UISupportedInterfaceOrientations_iPhone = "UIInterfaceOrientationPortrait UIInterfaceOrientationLandscapeLeft UIInterfaceOrientationLandscapeRight";
				LD_RUNPATH_SEARCH_PATHS = (
					"$(inherited)",
					"@executable_path/Frameworks",
				);
				MARKETING_VERSION = 1.0;
				PRODUCT_BUNDLE_IDENTIFIER = com.platzi.GastifyByPlatzi;
				PRODUCT_NAME = "$(TARGET_NAME)";
				SWIFT_EMIT_LOC_STRINGS = YES;
				SWIFT_VERSION = 5.0;
				TARGETED_DEVICE_FAMILY = "1,2";
			};
			name = Release;
		};
		29F32B7E2D2B2BBA00AEFBC0 /* Debug */ = {
			isa = XCBuildConfiguration;
			buildSettings = {
				BUNDLE_LOADER = "$(TEST_HOST)";
				CODE_SIGN_STYLE = Automatic;
				CURRENT_PROJECT_VERSION = 1;
				DEVELOPMENT_TEAM = ZD35H7K52T;
				GENERATE_INFOPLIST_FILE = YES;
				IPHONEOS_DEPLOYMENT_TARGET = 18.0;
				MARKETING_VERSION = 1.0;
				PRODUCT_BUNDLE_IDENTIFIER = com.platzi.GastifyByPlatziTests;
				PRODUCT_NAME = "$(TARGET_NAME)";
				SWIFT_EMIT_LOC_STRINGS = NO;
				SWIFT_VERSION = 5.0;
				TARGETED_DEVICE_FAMILY = "1,2";
				TEST_HOST = "$(BUILT_PRODUCTS_DIR)/Gastify.app/$(BUNDLE_EXECUTABLE_FOLDER_PATH)/Gastify";
			};
			name = Debug;
		};
		29F32B7F2D2B2BBA00AEFBC0 /* Release */ = {
			isa = XCBuildConfiguration;
			buildSettings = {
				BUNDLE_LOADER = "$(TEST_HOST)";
				CODE_SIGN_STYLE = Automatic;
				CURRENT_PROJECT_VERSION = 1;
				DEVELOPMENT_TEAM = ZD35H7K52T;
				GENERATE_INFOPLIST_FILE = YES;
				IPHONEOS_DEPLOYMENT_TARGET = 18.0;
				MARKETING_VERSION = 1.0;
				PRODUCT_BUNDLE_IDENTIFIER = com.platzi.GastifyByPlatziTests;
				PRODUCT_NAME = "$(TARGET_NAME)";
				SWIFT_EMIT_LOC_STRINGS = NO;
				SWIFT_VERSION = 5.0;
				TARGETED_DEVICE_FAMILY = "1,2";
				TEST_HOST = "$(BUILT_PRODUCTS_DIR)/Gastify.app/$(BUNDLE_EXECUTABLE_FOLDER_PATH)/Gastify";
			};
			name = Release;
		};
		29F32B812D2B2BBA00AEFBC0 /* Debug */ = {
			isa = XCBuildConfiguration;
			buildSettings = {
				CODE_SIGN_STYLE = Automatic;
				CURRENT_PROJECT_VERSION = 1;
				DEVELOPMENT_TEAM = ZD35H7K52T;
				GENERATE_INFOPLIST_FILE = YES;
				MARKETING_VERSION = 1.0;
				PRODUCT_BUNDLE_IDENTIFIER = com.espaciotiago.GastifyUITests;
				PRODUCT_NAME = "$(TARGET_NAME)";
				SWIFT_EMIT_LOC_STRINGS = NO;
				SWIFT_VERSION = 5.0;
				TARGETED_DEVICE_FAMILY = "1,2";
				TEST_TARGET_NAME = Gastify;
			};
			name = Debug;
		};
		29F32B822D2B2BBA00AEFBC0 /* Release */ = {
			isa = XCBuildConfiguration;
			buildSettings = {
				CODE_SIGN_STYLE = Automatic;
				CURRENT_PROJECT_VERSION = 1;
				DEVELOPMENT_TEAM = ZD35H7K52T;
				GENERATE_INFOPLIST_FILE = YES;
				MARKETING_VERSION = 1.0;
				PRODUCT_BUNDLE_IDENTIFIER = com.espaciotiago.GastifyUITests;
				PRODUCT_NAME = "$(TARGET_NAME)";
				SWIFT_EMIT_LOC_STRINGS = NO;
				SWIFT_VERSION = 5.0;
				TARGETED_DEVICE_FAMILY = "1,2";
				TEST_TARGET_NAME = Gastify;
			};
			name = Release;
		};
/* End XCBuildConfiguration section */

/* Begin XCConfigurationList section */
		29AF10BB2D591C9A00EE9C40 /* Build configuration list for PBXNativeTarget "Gastify Beta" */ = {
			isa = XCConfigurationList;
			buildConfigurations = (
				29AF10BC2D591C9A00EE9C40 /* Debug */,
				29AF10BD2D591C9A00EE9C40 /* Release */,
			);
			defaultConfigurationIsVisible = 0;
			defaultConfigurationName = Release;
		};
		29F32B4F2D2B2BB900AEFBC0 /* Build configuration list for PBXProject "Gastify" */ = {
			isa = XCConfigurationList;
			buildConfigurations = (
				29F32B782D2B2BBA00AEFBC0 /* Debug */,
				29F32B792D2B2BBA00AEFBC0 /* Release */,
			);
			defaultConfigurationIsVisible = 0;
			defaultConfigurationName = Release;
		};
		29F32B7A2D2B2BBA00AEFBC0 /* Build configuration list for PBXNativeTarget "Gastify" */ = {
			isa = XCConfigurationList;
			buildConfigurations = (
				29F32B7B2D2B2BBA00AEFBC0 /* Debug */,
				29F32B7C2D2B2BBA00AEFBC0 /* Release */,
			);
			defaultConfigurationIsVisible = 0;
			defaultConfigurationName = Release;
		};
		29F32B7D2D2B2BBA00AEFBC0 /* Build configuration list for PBXNativeTarget "GastifyTests" */ = {
			isa = XCConfigurationList;
			buildConfigurations = (
				29F32B7E2D2B2BBA00AEFBC0 /* Debug */,
				29F32B7F2D2B2BBA00AEFBC0 /* Release */,
			);
			defaultConfigurationIsVisible = 0;
			defaultConfigurationName = Release;
		};
		29F32B802D2B2BBA00AEFBC0 /* Build configuration list for PBXNativeTarget "GastifyUITests" */ = {
			isa = XCConfigurationList;
			buildConfigurations = (
				29F32B812D2B2BBA00AEFBC0 /* Debug */,
				29F32B822D2B2BBA00AEFBC0 /* Release */,
			);
			defaultConfigurationIsVisible = 0;
			defaultConfigurationName = Release;
		};
/* End XCConfigurationList section */
	};
	rootObject = 29F32B4C2D2B2BB900AEFBC0 /* Project object */;
}
